// !$*UTF8*$!
{
	archiveVersion = 1;
	classes = {
	};
	objectVersion = 51;
	objects = {

/* Begin PBXBuildFile section */
		3A919CA6F25FB86EC745B988 /* Pods_TestFramework.framework in Frameworks */ = {isa = PBXBuildFile; fileRef = EAFCE1446D25FB789A169F66 /* Pods_TestFramework.framework */; };
		8A390EDA2375106B00B2B168 /* 3.mp3 in Resources */ = {isa = PBXBuildFile; fileRef = 8A390ED72375106800B2B168 /* 3.mp3 */; };
		8A390EDB2375106B00B2B168 /* 1.mp3 in Resources */ = {isa = PBXBuildFile; fileRef = 8A390ED82375106900B2B168 /* 1.mp3 */; };
		8A390EDC2375106B00B2B168 /* 2.mp3 in Resources */ = {isa = PBXBuildFile; fileRef = 8A390ED92375106A00B2B168 /* 2.mp3 */; };
		8A390EE0237510A100B2B168 /* MusicViewController.m in Sources */ = {isa = PBXBuildFile; fileRef = 8A390EDE237510A100B2B168 /* MusicViewController.m */; };
		8A390EE1237510A100B2B168 /* MusicViewController.xib in Resources */ = {isa = PBXBuildFile; fileRef = 8A390EDF237510A100B2B168 /* MusicViewController.xib */; };
		8A3E53BB2354261A00430024 /* PlayerDemoViewController.m in Sources */ = {isa = PBXBuildFile; fileRef = 8A3E53B92354261A00430024 /* PlayerDemoViewController.m */; };
		8A3E53BC2354261A00430024 /* PlayerDemoViewController.xib in Resources */ = {isa = PBXBuildFile; fileRef = 8A3E53BA2354261A00430024 /* PlayerDemoViewController.xib */; };
		8A3E63BD22E8425700A2370F /* AppDelegate.m in Sources */ = {isa = PBXBuildFile; fileRef = 8A3E63BC22E8425700A2370F /* AppDelegate.m */; };
		8A3E63C022E8425700A2370F /* ViewController.m in Sources */ = {isa = PBXBuildFile; fileRef = 8A3E63BF22E8425700A2370F /* ViewController.m */; };
		8A3E63C322E8425700A2370F /* Main.storyboard in Resources */ = {isa = PBXBuildFile; fileRef = 8A3E63C122E8425700A2370F /* Main.storyboard */; };
		8A3E63C522E8426500A2370F /* Assets.xcassets in Resources */ = {isa = PBXBuildFile; fileRef = 8A3E63C422E8426500A2370F /* Assets.xcassets */; };
		8A3E63C822E8426500A2370F /* LaunchScreen.storyboard in Resources */ = {isa = PBXBuildFile; fileRef = 8A3E63C622E8426500A2370F /* LaunchScreen.storyboard */; };
		8A3E63CB22E8426500A2370F /* main.m in Sources */ = {isa = PBXBuildFile; fileRef = 8A3E63CA22E8426500A2370F /* main.m */; };
		8A3E63D422E848C300A2370F /* SingleButtonGroupViewController.m in Sources */ = {isa = PBXBuildFile; fileRef = 8A3E63D222E848C300A2370F /* SingleButtonGroupViewController.m */; };
		8A3E63D522E848C300A2370F /* SingleButtonGroupViewController.xib in Resources */ = {isa = PBXBuildFile; fileRef = 8A3E63D322E848C300A2370F /* SingleButtonGroupViewController.xib */; };
		8A3E63DB22E849AD00A2370F /* SingleButtonTableViewCell.xib in Resources */ = {isa = PBXBuildFile; fileRef = 8A3E63D822E849AC00A2370F /* SingleButtonTableViewCell.xib */; };
		8A3E63DC22E849AD00A2370F /* SingleButtonTableViewCell.m in Sources */ = {isa = PBXBuildFile; fileRef = 8A3E63DA22E849AD00A2370F /* SingleButtonTableViewCell.m */; };
		8A3E63E222E93C1300A2370F /* PopupMenuViewController.m in Sources */ = {isa = PBXBuildFile; fileRef = 8A3E63E022E93C1300A2370F /* PopupMenuViewController.m */; };
		8A3E63E322E93C1300A2370F /* PopupMenuViewController.xib in Resources */ = {isa = PBXBuildFile; fileRef = 8A3E63E122E93C1300A2370F /* PopupMenuViewController.xib */; };
		8A3E63E722E93CA700A2370F /* MenuTableViewCell.m in Sources */ = {isa = PBXBuildFile; fileRef = 8A3E63E422E93CA600A2370F /* MenuTableViewCell.m */; };
		8A3E63E822E93CA700A2370F /* MenuTableViewCell.xib in Resources */ = {isa = PBXBuildFile; fileRef = 8A3E63E522E93CA700A2370F /* MenuTableViewCell.xib */; };
		8A46753423C71C3600EB5E39 /* TableViewController.xib in Resources */ = {isa = PBXBuildFile; fileRef = 8A46751523C71C3300EB5E39 /* TableViewController.xib */; };
		8A46753523C71C3600EB5E39 /* TableViewController.m in Sources */ = {isa = PBXBuildFile; fileRef = 8A46751723C71C3300EB5E39 /* TableViewController.m */; };
		8A46753623C71C3600EB5E39 /* CollectionViewController.xib in Resources */ = {isa = PBXBuildFile; fileRef = 8A46751923C71C3400EB5E39 /* CollectionViewController.xib */; };
		8A46753723C71C3600EB5E39 /* Utility.m in Sources */ = {isa = PBXBuildFile; fileRef = 8A46751B23C71C3400EB5E39 /* Utility.m */; };
		8A46753823C71C3600EB5E39 /* TableViewViewModel.m in Sources */ = {isa = PBXBuildFile; fileRef = 8A46752023C71C3400EB5E39 /* TableViewViewModel.m */; };
		8A46753923C71C3600EB5E39 /* TableViewCell.m in Sources */ = {isa = PBXBuildFile; fileRef = 8A46752323C71C3400EB5E39 /* TableViewCell.m */; };
		8A46753A23C71C3600EB5E39 /* TableViewCell.xib in Resources */ = {isa = PBXBuildFile; fileRef = 8A46752523C71C3500EB5E39 /* TableViewCell.xib */; };
		8A46753B23C71C3600EB5E39 /* TableViewHeaderView.m in Sources */ = {isa = PBXBuildFile; fileRef = 8A46752723C71C3500EB5E39 /* TableViewHeaderView.m */; };
		8A46753C23C71C3600EB5E39 /* TableViewHeaderView.xib in Resources */ = {isa = PBXBuildFile; fileRef = 8A46752823C71C3500EB5E39 /* TableViewHeaderView.xib */; };
		8A46753D23C71C3600EB5E39 /* FolderFactory.m in Sources */ = {isa = PBXBuildFile; fileRef = 8A46752B23C71C3500EB5E39 /* FolderFactory.m */; };
		8A46753E23C71C3600EB5E39 /* Folder.m in Sources */ = {isa = PBXBuildFile; fileRef = 8A46752C23C71C3500EB5E39 /* Folder.m */; };
		8A46753F23C71C3600EB5E39 /* MonitorViewModel.m in Sources */ = {isa = PBXBuildFile; fileRef = 8A46752D23C71C3500EB5E39 /* MonitorViewModel.m */; };
		8A46754023C71C3600EB5E39 /* File.m in Sources */ = {isa = PBXBuildFile; fileRef = 8A46752F23C71C3500EB5E39 /* File.m */; };
		8A46754123C71C3600EB5E39 /* CollectionViewController.m in Sources */ = {isa = PBXBuildFile; fileRef = 8A46753323C71C3500EB5E39 /* CollectionViewController.m */; };
		8A46756423C71D0100EB5E39 /* CollectionBrowser.xib in Resources */ = {isa = PBXBuildFile; fileRef = 8A46754623C71D0000EB5E39 /* CollectionBrowser.xib */; };
		8A46756523C71D0100EB5E39 /* MonitorableFileClass.m in Sources */ = {isa = PBXBuildFile; fileRef = 8A46754E23C71D0000EB5E39 /* MonitorableFileClass.m */; };
		8A46756623C71D0100EB5E39 /* CollectionBrowserViewModel.m in Sources */ = {isa = PBXBuildFile; fileRef = 8A46754F23C71D0000EB5E39 /* CollectionBrowserViewModel.m */; };
		8A46756723C71D0100EB5E39 /* MonitorableFolderClass.m in Sources */ = {isa = PBXBuildFile; fileRef = 8A46755023C71D0000EB5E39 /* MonitorableFolderClass.m */; };
		8A46756823C71D0100EB5E39 /* MonitorHeaderView.xib in Resources */ = {isa = PBXBuildFile; fileRef = 8A46755223C71D0000EB5E39 /* MonitorHeaderView.xib */; };
		8A46756923C71D0100EB5E39 /* MonitorFolderTableViewCell.m in Sources */ = {isa = PBXBuildFile; fileRef = 8A46755323C71D0000EB5E39 /* MonitorFolderTableViewCell.m */; };
		8A46756A23C71D0100EB5E39 /* MonitorFolderCollectionViewCell.xib in Resources */ = {isa = PBXBuildFile; fileRef = 8A46755423C71D0000EB5E39 /* MonitorFolderCollectionViewCell.xib */; };
		8A46756B23C71D0100EB5E39 /* MonitorFileTableViewCell.m in Sources */ = {isa = PBXBuildFile; fileRef = 8A46755523C71D0000EB5E39 /* MonitorFileTableViewCell.m */; };
		8A46756C23C71D0100EB5E39 /* MonitorFileCollectionViewCell.xib in Resources */ = {isa = PBXBuildFile; fileRef = 8A46755823C71D0000EB5E39 /* MonitorFileCollectionViewCell.xib */; };
		8A46756D23C71D0100EB5E39 /* MonitorFileTableViewCell.xib in Resources */ = {isa = PBXBuildFile; fileRef = 8A46755B23C71D0000EB5E39 /* MonitorFileTableViewCell.xib */; };
		8A46756E23C71D0100EB5E39 /* MonitorFolderTableViewCell.xib in Resources */ = {isa = PBXBuildFile; fileRef = 8A46755E23C71D0000EB5E39 /* MonitorFolderTableViewCell.xib */; };
		8A46756F23C71D0100EB5E39 /* MonitorFolderCollectionViewCell.m in Sources */ = {isa = PBXBuildFile; fileRef = 8A46755F23C71D0000EB5E39 /* MonitorFolderCollectionViewCell.m */; };
		8A46757023C71D0100EB5E39 /* CustomCollectionView.m in Sources */ = {isa = PBXBuildFile; fileRef = 8A46756023C71D0000EB5E39 /* CustomCollectionView.m */; };
		8A46757123C71D0100EB5E39 /* MonitorFileCollectionViewCell.m in Sources */ = {isa = PBXBuildFile; fileRef = 8A46756123C71D0000EB5E39 /* MonitorFileCollectionViewCell.m */; };
		8A46757223C71D0100EB5E39 /* MonitorHeaderView.m in Sources */ = {isa = PBXBuildFile; fileRef = 8A46756223C71D0000EB5E39 /* MonitorHeaderView.m */; };
		8A46757323C71D0100EB5E39 /* CollectionBrowser.m in Sources */ = {isa = PBXBuildFile; fileRef = 8A46756323C71D0000EB5E39 /* CollectionBrowser.m */; };
		8A9C3A8A23307A3900274870 /* PlayerViewController.m in Sources */ = {isa = PBXBuildFile; fileRef = 8A9C3A8723307A3200274870 /* PlayerViewController.m */; };
		8A9C3A8B23307A3900274870 /* PlayerViewController.xib in Resources */ = {isa = PBXBuildFile; fileRef = 8A9C3A8923307A3800274870 /* PlayerViewController.xib */; };
		8A9C3A8F23307A3F00274870 /* fisheye-demo.mp4 in Resources */ = {isa = PBXBuildFile; fileRef = 8A9C3A8C23307A3A00274870 /* fisheye-demo.mp4 */; };
		8A9C3A9023307A3F00274870 /* google-help-vr.mp4 in Resources */ = {isa = PBXBuildFile; fileRef = 8A9C3A8D23307A3B00274870 /* google-help-vr.mp4 */; };
		8A9C3A9123307A3F00274870 /* i-see-fire.mp4 in Resources */ = {isa = PBXBuildFile; fileRef = 8A9C3A8E23307A3E00274870 /* i-see-fire.mp4 */; };
		8AA3EA202301011E00331251 /* Page2ViewController.xib in Resources */ = {isa = PBXBuildFile; fileRef = 8AA3EA172301011500331251 /* Page2ViewController.xib */; };
		8AA3EA212301011E00331251 /* Page1ViewController.m in Sources */ = {isa = PBXBuildFile; fileRef = 8AA3EA1A2301011A00331251 /* Page1ViewController.m */; };
		8AA3EA222301011E00331251 /* Page2ViewController.m in Sources */ = {isa = PBXBuildFile; fileRef = 8AA3EA1B2301011C00331251 /* Page2ViewController.m */; };
		8AA3EA232301011E00331251 /* Page1ViewController.xib in Resources */ = {isa = PBXBuildFile; fileRef = 8AA3EA1C2301011D00331251 /* Page1ViewController.xib */; };
		8AA3EA242301011E00331251 /* Page3ViewController.xib in Resources */ = {isa = PBXBuildFile; fileRef = 8AA3EA1D2301011D00331251 /* Page3ViewController.xib */; };
		8AA3EA252301011E00331251 /* Page3ViewController.m in Sources */ = {isa = PBXBuildFile; fileRef = 8AA3EA1F2301011E00331251 /* Page3ViewController.m */; };
		8AA3EA292301058500331251 /* TabViewController.xib in Resources */ = {isa = PBXBuildFile; fileRef = 8AA3EA272301058500331251 /* TabViewController.xib */; };
		8AA3EA2A2301058500331251 /* TabViewController.m in Sources */ = {isa = PBXBuildFile; fileRef = 8AA3EA282301058500331251 /* TabViewController.m */; };
		8AA3EB332302736300331251 /* TabButtom.m in Sources */ = {isa = PBXBuildFile; fileRef = 8AA3EB322302736300331251 /* TabButtom.m */; };
		8AFC996422F7FE800057D921 /* DataPickerViewController.m in Sources */ = {isa = PBXBuildFile; fileRef = 8AFC996222F7FE800057D921 /* DataPickerViewController.m */; };
		8AFC996522F7FE800057D921 /* DataPickerViewController.xib in Resources */ = {isa = PBXBuildFile; fileRef = 8AFC996322F7FE800057D921 /* DataPickerViewController.xib */; };
		8AFC996922F7FEF30057D921 /* TabbedPageViewController.m in Sources */ = {isa = PBXBuildFile; fileRef = 8AFC996722F7FEF20057D921 /* TabbedPageViewController.m */; };
		8AFC996A22F7FEF30057D921 /* TabbedPageViewController.xib in Resources */ = {isa = PBXBuildFile; fileRef = 8AFC996822F7FEF30057D921 /* TabbedPageViewController.xib */; };
		8AFC996E22F804B70057D921 /* CustomPickerFactory.m in Sources */ = {isa = PBXBuildFile; fileRef = 8AFC996D22F804B50057D921 /* CustomPickerFactory.m */; };
		8AFC997422F90F5F0057D921 /* CollectionTableViewModelViewController.m in Sources */ = {isa = PBXBuildFile; fileRef = 8AFC997222F90F5F0057D921 /* CollectionTableViewModelViewController.m */; };
		8AFC997522F90F5F0057D921 /* CollectionTableViewModelViewController.xib in Resources */ = {isa = PBXBuildFile; fileRef = 8AFC997322F90F5F0057D921 /* CollectionTableViewModelViewController.xib */; };
/* End PBXBuildFile section */

/* Begin PBXFileReference section */
		82B4D582E80E90F59AE57AFC /* Pods-TestFramework.debug.xcconfig */ = {isa = PBXFileReference; includeInIndex = 1; lastKnownFileType = text.xcconfig; name = "Pods-TestFramework.debug.xcconfig"; path = "Target Support Files/Pods-TestFramework/Pods-TestFramework.debug.xcconfig"; sourceTree = "<group>"; };
		8A390ED72375106800B2B168 /* 3.mp3 */ = {isa = PBXFileReference; lastKnownFileType = audio.mp3; path = 3.mp3; sourceTree = "<group>"; };
		8A390ED82375106900B2B168 /* 1.mp3 */ = {isa = PBXFileReference; lastKnownFileType = audio.mp3; path = 1.mp3; sourceTree = "<group>"; };
		8A390ED92375106A00B2B168 /* 2.mp3 */ = {isa = PBXFileReference; lastKnownFileType = audio.mp3; path = 2.mp3; sourceTree = "<group>"; };
		8A390EDD237510A100B2B168 /* MusicViewController.h */ = {isa = PBXFileReference; lastKnownFileType = sourcecode.c.h; path = MusicViewController.h; sourceTree = "<group>"; };
		8A390EDE237510A100B2B168 /* MusicViewController.m */ = {isa = PBXFileReference; lastKnownFileType = sourcecode.c.objc; path = MusicViewController.m; sourceTree = "<group>"; };
		8A390EDF237510A100B2B168 /* MusicViewController.xib */ = {isa = PBXFileReference; lastKnownFileType = file.xib; path = MusicViewController.xib; sourceTree = "<group>"; };
		8A3E53B82354261A00430024 /* PlayerDemoViewController.h */ = {isa = PBXFileReference; lastKnownFileType = sourcecode.c.h; path = PlayerDemoViewController.h; sourceTree = "<group>"; };
		8A3E53B92354261A00430024 /* PlayerDemoViewController.m */ = {isa = PBXFileReference; lastKnownFileType = sourcecode.c.objc; path = PlayerDemoViewController.m; sourceTree = "<group>"; };
		8A3E53BA2354261A00430024 /* PlayerDemoViewController.xib */ = {isa = PBXFileReference; lastKnownFileType = file.xib; path = PlayerDemoViewController.xib; sourceTree = "<group>"; };
		8A3E63B822E8425700A2370F /* TestFramework.app */ = {isa = PBXFileReference; explicitFileType = wrapper.application; includeInIndex = 0; path = TestFramework.app; sourceTree = BUILT_PRODUCTS_DIR; };
		8A3E63BB22E8425700A2370F /* AppDelegate.h */ = {isa = PBXFileReference; lastKnownFileType = sourcecode.c.h; path = AppDelegate.h; sourceTree = "<group>"; };
		8A3E63BC22E8425700A2370F /* AppDelegate.m */ = {isa = PBXFileReference; lastKnownFileType = sourcecode.c.objc; path = AppDelegate.m; sourceTree = "<group>"; };
		8A3E63BE22E8425700A2370F /* ViewController.h */ = {isa = PBXFileReference; lastKnownFileType = sourcecode.c.h; path = ViewController.h; sourceTree = "<group>"; };
		8A3E63BF22E8425700A2370F /* ViewController.m */ = {isa = PBXFileReference; lastKnownFileType = sourcecode.c.objc; path = ViewController.m; sourceTree = "<group>"; };
		8A3E63C222E8425700A2370F /* Base */ = {isa = PBXFileReference; lastKnownFileType = file.storyboard; name = Base; path = Base.lproj/Main.storyboard; sourceTree = "<group>"; };
		8A3E63C422E8426500A2370F /* Assets.xcassets */ = {isa = PBXFileReference; lastKnownFileType = folder.assetcatalog; path = Assets.xcassets; sourceTree = "<group>"; };
		8A3E63C722E8426500A2370F /* Base */ = {isa = PBXFileReference; lastKnownFileType = file.storyboard; name = Base; path = Base.lproj/LaunchScreen.storyboard; sourceTree = "<group>"; };
		8A3E63C922E8426500A2370F /* Info.plist */ = {isa = PBXFileReference; lastKnownFileType = text.plist.xml; path = Info.plist; sourceTree = "<group>"; };
		8A3E63CA22E8426500A2370F /* main.m */ = {isa = PBXFileReference; lastKnownFileType = sourcecode.c.objc; path = main.m; sourceTree = "<group>"; };
		8A3E63D122E848C300A2370F /* SingleButtonGroupViewController.h */ = {isa = PBXFileReference; lastKnownFileType = sourcecode.c.h; path = SingleButtonGroupViewController.h; sourceTree = "<group>"; };
		8A3E63D222E848C300A2370F /* SingleButtonGroupViewController.m */ = {isa = PBXFileReference; lastKnownFileType = sourcecode.c.objc; path = SingleButtonGroupViewController.m; sourceTree = "<group>"; };
		8A3E63D322E848C300A2370F /* SingleButtonGroupViewController.xib */ = {isa = PBXFileReference; lastKnownFileType = file.xib; path = SingleButtonGroupViewController.xib; sourceTree = "<group>"; };
		8A3E63D822E849AC00A2370F /* SingleButtonTableViewCell.xib */ = {isa = PBXFileReference; fileEncoding = 4; lastKnownFileType = file.xib; path = SingleButtonTableViewCell.xib; sourceTree = "<group>"; };
		8A3E63D922E849AC00A2370F /* SingleButtonTableViewCell.h */ = {isa = PBXFileReference; fileEncoding = 4; lastKnownFileType = sourcecode.c.h; path = SingleButtonTableViewCell.h; sourceTree = "<group>"; };
		8A3E63DA22E849AD00A2370F /* SingleButtonTableViewCell.m */ = {isa = PBXFileReference; fileEncoding = 4; lastKnownFileType = sourcecode.c.objc; path = SingleButtonTableViewCell.m; sourceTree = "<group>"; };
		8A3E63DF22E93C1300A2370F /* PopupMenuViewController.h */ = {isa = PBXFileReference; lastKnownFileType = sourcecode.c.h; path = PopupMenuViewController.h; sourceTree = "<group>"; };
		8A3E63E022E93C1300A2370F /* PopupMenuViewController.m */ = {isa = PBXFileReference; lastKnownFileType = sourcecode.c.objc; path = PopupMenuViewController.m; sourceTree = "<group>"; };
		8A3E63E122E93C1300A2370F /* PopupMenuViewController.xib */ = {isa = PBXFileReference; lastKnownFileType = file.xib; path = PopupMenuViewController.xib; sourceTree = "<group>"; };
		8A3E63E422E93CA600A2370F /* MenuTableViewCell.m */ = {isa = PBXFileReference; fileEncoding = 4; lastKnownFileType = sourcecode.c.objc; path = MenuTableViewCell.m; sourceTree = "<group>"; };
		8A3E63E522E93CA700A2370F /* MenuTableViewCell.xib */ = {isa = PBXFileReference; fileEncoding = 4; lastKnownFileType = file.xib; path = MenuTableViewCell.xib; sourceTree = "<group>"; };
		8A3E63E622E93CA700A2370F /* MenuTableViewCell.h */ = {isa = PBXFileReference; fileEncoding = 4; lastKnownFileType = sourcecode.c.h; path = MenuTableViewCell.h; sourceTree = "<group>"; };
		8A46751523C71C3300EB5E39 /* TableViewController.xib */ = {isa = PBXFileReference; fileEncoding = 4; lastKnownFileType = file.xib; path = TableViewController.xib; sourceTree = "<group>"; };
		8A46751623C71C3300EB5E39 /* TableViewController.h */ = {isa = PBXFileReference; fileEncoding = 4; lastKnownFileType = sourcecode.c.h; path = TableViewController.h; sourceTree = "<group>"; };
		8A46751723C71C3300EB5E39 /* TableViewController.m */ = {isa = PBXFileReference; fileEncoding = 4; lastKnownFileType = sourcecode.c.objc; path = TableViewController.m; sourceTree = "<group>"; };
		8A46751823C71C3400EB5E39 /* CollectionViewController.h */ = {isa = PBXFileReference; fileEncoding = 4; lastKnownFileType = sourcecode.c.h; path = CollectionViewController.h; sourceTree = "<group>"; };
		8A46751923C71C3400EB5E39 /* CollectionViewController.xib */ = {isa = PBXFileReference; fileEncoding = 4; lastKnownFileType = file.xib; path = CollectionViewController.xib; sourceTree = "<group>"; };
		8A46751B23C71C3400EB5E39 /* Utility.m */ = {isa = PBXFileReference; fileEncoding = 4; lastKnownFileType = sourcecode.c.objc; path = Utility.m; sourceTree = "<group>"; };
		8A46751C23C71C3400EB5E39 /* Utility.h */ = {isa = PBXFileReference; fileEncoding = 4; lastKnownFileType = sourcecode.c.h; path = Utility.h; sourceTree = "<group>"; };
		8A46751F23C71C3400EB5E39 /* TableViewSectionType.h */ = {isa = PBXFileReference; fileEncoding = 4; lastKnownFileType = sourcecode.c.h; path = TableViewSectionType.h; sourceTree = "<group>"; };
		8A46752023C71C3400EB5E39 /* TableViewViewModel.m */ = {isa = PBXFileReference; fileEncoding = 4; lastKnownFileType = sourcecode.c.objc; path = TableViewViewModel.m; sourceTree = "<group>"; };
		8A46752123C71C3400EB5E39 /* TableViewViewModel.h */ = {isa = PBXFileReference; fileEncoding = 4; lastKnownFileType = sourcecode.c.h; path = TableViewViewModel.h; sourceTree = "<group>"; };
		8A46752323C71C3400EB5E39 /* TableViewCell.m */ = {isa = PBXFileReference; fileEncoding = 4; lastKnownFileType = sourcecode.c.objc; path = TableViewCell.m; sourceTree = "<group>"; };
		8A46752423C71C3400EB5E39 /* TableViewHeaderView.h */ = {isa = PBXFileReference; fileEncoding = 4; lastKnownFileType = sourcecode.c.h; path = TableViewHeaderView.h; sourceTree = "<group>"; };
		8A46752523C71C3500EB5E39 /* TableViewCell.xib */ = {isa = PBXFileReference; fileEncoding = 4; lastKnownFileType = file.xib; path = TableViewCell.xib; sourceTree = "<group>"; };
		8A46752623C71C3500EB5E39 /* TableViewCell.h */ = {isa = PBXFileReference; fileEncoding = 4; lastKnownFileType = sourcecode.c.h; path = TableViewCell.h; sourceTree = "<group>"; };
		8A46752723C71C3500EB5E39 /* TableViewHeaderView.m */ = {isa = PBXFileReference; fileEncoding = 4; lastKnownFileType = sourcecode.c.objc; path = TableViewHeaderView.m; sourceTree = "<group>"; };
		8A46752823C71C3500EB5E39 /* TableViewHeaderView.xib */ = {isa = PBXFileReference; fileEncoding = 4; lastKnownFileType = file.xib; path = TableViewHeaderView.xib; sourceTree = "<group>"; };
		8A46752A23C71C3500EB5E39 /* File.h */ = {isa = PBXFileReference; fileEncoding = 4; lastKnownFileType = sourcecode.c.h; path = File.h; sourceTree = "<group>"; };
		8A46752B23C71C3500EB5E39 /* FolderFactory.m */ = {isa = PBXFileReference; fileEncoding = 4; lastKnownFileType = sourcecode.c.objc; path = FolderFactory.m; sourceTree = "<group>"; };
		8A46752C23C71C3500EB5E39 /* Folder.m */ = {isa = PBXFileReference; fileEncoding = 4; lastKnownFileType = sourcecode.c.objc; path = Folder.m; sourceTree = "<group>"; };
		8A46752D23C71C3500EB5E39 /* MonitorViewModel.m */ = {isa = PBXFileReference; fileEncoding = 4; lastKnownFileType = sourcecode.c.objc; path = MonitorViewModel.m; sourceTree = "<group>"; };
		8A46752E23C71C3500EB5E39 /* MonitorSectionType.h */ = {isa = PBXFileReference; fileEncoding = 4; lastKnownFileType = sourcecode.c.h; path = MonitorSectionType.h; sourceTree = "<group>"; };
		8A46752F23C71C3500EB5E39 /* File.m */ = {isa = PBXFileReference; fileEncoding = 4; lastKnownFileType = sourcecode.c.objc; path = File.m; sourceTree = "<group>"; };
		8A46753023C71C3500EB5E39 /* MonitorViewModel.h */ = {isa = PBXFileReference; fileEncoding = 4; lastKnownFileType = sourcecode.c.h; path = MonitorViewModel.h; sourceTree = "<group>"; };
		8A46753123C71C3500EB5E39 /* Folder.h */ = {isa = PBXFileReference; fileEncoding = 4; lastKnownFileType = sourcecode.c.h; path = Folder.h; sourceTree = "<group>"; };
		8A46753223C71C3500EB5E39 /* FolderFactory.h */ = {isa = PBXFileReference; fileEncoding = 4; lastKnownFileType = sourcecode.c.h; path = FolderFactory.h; sourceTree = "<group>"; };
		8A46753323C71C3500EB5E39 /* CollectionViewController.m */ = {isa = PBXFileReference; fileEncoding = 4; lastKnownFileType = sourcecode.c.objc; path = CollectionViewController.m; sourceTree = "<group>"; };
		8A46754623C71D0000EB5E39 /* CollectionBrowser.xib */ = {isa = PBXFileReference; fileEncoding = 4; lastKnownFileType = file.xib; path = CollectionBrowser.xib; sourceTree = "<group>"; };
		8A46754723C71D0000EB5E39 /* CollectionBrowser.h */ = {isa = PBXFileReference; fileEncoding = 4; lastKnownFileType = sourcecode.c.h; path = CollectionBrowser.h; sourceTree = "<group>"; };
		8A46754923C71D0000EB5E39 /* MonitorableFolderClass.h */ = {isa = PBXFileReference; fileEncoding = 4; lastKnownFileType = sourcecode.c.h; path = MonitorableFolderClass.h; sourceTree = "<group>"; };
		8A46754A23C71D0000EB5E39 /* CollectionBrowserViewModel.h */ = {isa = PBXFileReference; fileEncoding = 4; lastKnownFileType = sourcecode.c.h; path = CollectionBrowserViewModel.h; sourceTree = "<group>"; };
		8A46754B23C71D0000EB5E39 /* MonitorableFileClass.h */ = {isa = PBXFileReference; fileEncoding = 4; lastKnownFileType = sourcecode.c.h; path = MonitorableFileClass.h; sourceTree = "<group>"; };
		8A46754C23C71D0000EB5E39 /* Monitorable.h */ = {isa = PBXFileReference; fileEncoding = 4; lastKnownFileType = sourcecode.c.h; path = Monitorable.h; sourceTree = "<group>"; };
		8A46754D23C71D0000EB5E39 /* CollectionBrowserSectionType.h */ = {isa = PBXFileReference; fileEncoding = 4; lastKnownFileType = sourcecode.c.h; path = CollectionBrowserSectionType.h; sourceTree = "<group>"; };
		8A46754E23C71D0000EB5E39 /* MonitorableFileClass.m */ = {isa = PBXFileReference; fileEncoding = 4; lastKnownFileType = sourcecode.c.objc; path = MonitorableFileClass.m; sourceTree = "<group>"; };
		8A46754F23C71D0000EB5E39 /* CollectionBrowserViewModel.m */ = {isa = PBXFileReference; fileEncoding = 4; lastKnownFileType = sourcecode.c.objc; path = CollectionBrowserViewModel.m; sourceTree = "<group>"; };
		8A46755023C71D0000EB5E39 /* MonitorableFolderClass.m */ = {isa = PBXFileReference; fileEncoding = 4; lastKnownFileType = sourcecode.c.objc; path = MonitorableFolderClass.m; sourceTree = "<group>"; };
		8A46755223C71D0000EB5E39 /* MonitorHeaderView.xib */ = {isa = PBXFileReference; fileEncoding = 4; lastKnownFileType = file.xib; path = MonitorHeaderView.xib; sourceTree = "<group>"; };
		8A46755323C71D0000EB5E39 /* MonitorFolderTableViewCell.m */ = {isa = PBXFileReference; fileEncoding = 4; lastKnownFileType = sourcecode.c.objc; path = MonitorFolderTableViewCell.m; sourceTree = "<group>"; };
		8A46755423C71D0000EB5E39 /* MonitorFolderCollectionViewCell.xib */ = {isa = PBXFileReference; fileEncoding = 4; lastKnownFileType = file.xib; path = MonitorFolderCollectionViewCell.xib; sourceTree = "<group>"; };
		8A46755523C71D0000EB5E39 /* MonitorFileTableViewCell.m */ = {isa = PBXFileReference; fileEncoding = 4; lastKnownFileType = sourcecode.c.objc; path = MonitorFileTableViewCell.m; sourceTree = "<group>"; };
		8A46755623C71D0000EB5E39 /* MonitorFolderCollectionViewCell.h */ = {isa = PBXFileReference; fileEncoding = 4; lastKnownFileType = sourcecode.c.h; path = MonitorFolderCollectionViewCell.h; sourceTree = "<group>"; };
		8A46755723C71D0000EB5E39 /* MonitorHeaderView.h */ = {isa = PBXFileReference; fileEncoding = 4; lastKnownFileType = sourcecode.c.h; path = MonitorHeaderView.h; sourceTree = "<group>"; };
		8A46755823C71D0000EB5E39 /* MonitorFileCollectionViewCell.xib */ = {isa = PBXFileReference; fileEncoding = 4; lastKnownFileType = file.xib; path = MonitorFileCollectionViewCell.xib; sourceTree = "<group>"; };
		8A46755923C71D0000EB5E39 /* CustomCollectionView.h */ = {isa = PBXFileReference; fileEncoding = 4; lastKnownFileType = sourcecode.c.h; path = CustomCollectionView.h; sourceTree = "<group>"; };
		8A46755A23C71D0000EB5E39 /* MonitorFileCollectionViewCell.h */ = {isa = PBXFileReference; fileEncoding = 4; lastKnownFileType = sourcecode.c.h; path = MonitorFileCollectionViewCell.h; sourceTree = "<group>"; };
		8A46755B23C71D0000EB5E39 /* MonitorFileTableViewCell.xib */ = {isa = PBXFileReference; fileEncoding = 4; lastKnownFileType = file.xib; path = MonitorFileTableViewCell.xib; sourceTree = "<group>"; };
		8A46755C23C71D0000EB5E39 /* MonitorFolderTableViewCell.h */ = {isa = PBXFileReference; fileEncoding = 4; lastKnownFileType = sourcecode.c.h; path = MonitorFolderTableViewCell.h; sourceTree = "<group>"; };
		8A46755D23C71D0000EB5E39 /* MonitorFileTableViewCell.h */ = {isa = PBXFileReference; fileEncoding = 4; lastKnownFileType = sourcecode.c.h; path = MonitorFileTableViewCell.h; sourceTree = "<group>"; };
		8A46755E23C71D0000EB5E39 /* MonitorFolderTableViewCell.xib */ = {isa = PBXFileReference; fileEncoding = 4; lastKnownFileType = file.xib; path = MonitorFolderTableViewCell.xib; sourceTree = "<group>"; };
		8A46755F23C71D0000EB5E39 /* MonitorFolderCollectionViewCell.m */ = {isa = PBXFileReference; fileEncoding = 4; lastKnownFileType = sourcecode.c.objc; path = MonitorFolderCollectionViewCell.m; sourceTree = "<group>"; };
		8A46756023C71D0000EB5E39 /* CustomCollectionView.m */ = {isa = PBXFileReference; fileEncoding = 4; lastKnownFileType = sourcecode.c.objc; path = CustomCollectionView.m; sourceTree = "<group>"; };
		8A46756123C71D0000EB5E39 /* MonitorFileCollectionViewCell.m */ = {isa = PBXFileReference; fileEncoding = 4; lastKnownFileType = sourcecode.c.objc; path = MonitorFileCollectionViewCell.m; sourceTree = "<group>"; };
		8A46756223C71D0000EB5E39 /* MonitorHeaderView.m */ = {isa = PBXFileReference; fileEncoding = 4; lastKnownFileType = sourcecode.c.objc; path = MonitorHeaderView.m; sourceTree = "<group>"; };
		8A46756323C71D0000EB5E39 /* CollectionBrowser.m */ = {isa = PBXFileReference; fileEncoding = 4; lastKnownFileType = sourcecode.c.objc; path = CollectionBrowser.m; sourceTree = "<group>"; };
		8A9C3A8723307A3200274870 /* PlayerViewController.m */ = {isa = PBXFileReference; fileEncoding = 4; lastKnownFileType = sourcecode.c.objc; path = PlayerViewController.m; sourceTree = "<group>"; };
		8A9C3A8823307A3300274870 /* PlayerViewController.h */ = {isa = PBXFileReference; fileEncoding = 4; lastKnownFileType = sourcecode.c.h; path = PlayerViewController.h; sourceTree = "<group>"; };
		8A9C3A8923307A3800274870 /* PlayerViewController.xib */ = {isa = PBXFileReference; fileEncoding = 4; lastKnownFileType = file.xib; path = PlayerViewController.xib; sourceTree = "<group>"; };
		8A9C3A8C23307A3A00274870 /* fisheye-demo.mp4 */ = {isa = PBXFileReference; lastKnownFileType = file; path = "fisheye-demo.mp4"; sourceTree = "<group>"; };
		8A9C3A8D23307A3B00274870 /* google-help-vr.mp4 */ = {isa = PBXFileReference; lastKnownFileType = file; path = "google-help-vr.mp4"; sourceTree = "<group>"; };
		8A9C3A8E23307A3E00274870 /* i-see-fire.mp4 */ = {isa = PBXFileReference; lastKnownFileType = file; path = "i-see-fire.mp4"; sourceTree = "<group>"; };
		8AA3EA172301011500331251 /* Page2ViewController.xib */ = {isa = PBXFileReference; fileEncoding = 4; lastKnownFileType = file.xib; path = Page2ViewController.xib; sourceTree = "<group>"; };
		8AA3EA182301011600331251 /* Page2ViewController.h */ = {isa = PBXFileReference; fileEncoding = 4; lastKnownFileType = sourcecode.c.h; path = Page2ViewController.h; sourceTree = "<group>"; };
		8AA3EA192301011900331251 /* Page1ViewController.h */ = {isa = PBXFileReference; fileEncoding = 4; lastKnownFileType = sourcecode.c.h; path = Page1ViewController.h; sourceTree = "<group>"; };
		8AA3EA1A2301011A00331251 /* Page1ViewController.m */ = {isa = PBXFileReference; fileEncoding = 4; lastKnownFileType = sourcecode.c.objc; path = Page1ViewController.m; sourceTree = "<group>"; };
		8AA3EA1B2301011C00331251 /* Page2ViewController.m */ = {isa = PBXFileReference; fileEncoding = 4; lastKnownFileType = sourcecode.c.objc; path = Page2ViewController.m; sourceTree = "<group>"; };
		8AA3EA1C2301011D00331251 /* Page1ViewController.xib */ = {isa = PBXFileReference; fileEncoding = 4; lastKnownFileType = file.xib; path = Page1ViewController.xib; sourceTree = "<group>"; };
		8AA3EA1D2301011D00331251 /* Page3ViewController.xib */ = {isa = PBXFileReference; fileEncoding = 4; lastKnownFileType = file.xib; path = Page3ViewController.xib; sourceTree = "<group>"; };
		8AA3EA1E2301011E00331251 /* Page3ViewController.h */ = {isa = PBXFileReference; fileEncoding = 4; lastKnownFileType = sourcecode.c.h; path = Page3ViewController.h; sourceTree = "<group>"; };
		8AA3EA1F2301011E00331251 /* Page3ViewController.m */ = {isa = PBXFileReference; fileEncoding = 4; lastKnownFileType = sourcecode.c.objc; path = Page3ViewController.m; sourceTree = "<group>"; };
		8AA3EA262301058400331251 /* TabViewController.h */ = {isa = PBXFileReference; fileEncoding = 4; lastKnownFileType = sourcecode.c.h; path = TabViewController.h; sourceTree = "<group>"; };
		8AA3EA272301058500331251 /* TabViewController.xib */ = {isa = PBXFileReference; fileEncoding = 4; lastKnownFileType = file.xib; path = TabViewController.xib; sourceTree = "<group>"; };
		8AA3EA282301058500331251 /* TabViewController.m */ = {isa = PBXFileReference; fileEncoding = 4; lastKnownFileType = sourcecode.c.objc; path = TabViewController.m; sourceTree = "<group>"; };
		8AA3EB312302736200331251 /* TabButtom.h */ = {isa = PBXFileReference; fileEncoding = 4; lastKnownFileType = sourcecode.c.h; path = TabButtom.h; sourceTree = "<group>"; };
		8AA3EB322302736300331251 /* TabButtom.m */ = {isa = PBXFileReference; fileEncoding = 4; lastKnownFileType = sourcecode.c.objc; path = TabButtom.m; sourceTree = "<group>"; };
		8AFC996122F7FE800057D921 /* DataPickerViewController.h */ = {isa = PBXFileReference; lastKnownFileType = sourcecode.c.h; path = DataPickerViewController.h; sourceTree = "<group>"; };
		8AFC996222F7FE800057D921 /* DataPickerViewController.m */ = {isa = PBXFileReference; lastKnownFileType = sourcecode.c.objc; path = DataPickerViewController.m; sourceTree = "<group>"; };
		8AFC996322F7FE800057D921 /* DataPickerViewController.xib */ = {isa = PBXFileReference; lastKnownFileType = file.xib; path = DataPickerViewController.xib; sourceTree = "<group>"; };
		8AFC996622F7FEF20057D921 /* TabbedPageViewController.h */ = {isa = PBXFileReference; lastKnownFileType = sourcecode.c.h; path = TabbedPageViewController.h; sourceTree = "<group>"; };
		8AFC996722F7FEF20057D921 /* TabbedPageViewController.m */ = {isa = PBXFileReference; lastKnownFileType = sourcecode.c.objc; path = TabbedPageViewController.m; sourceTree = "<group>"; };
		8AFC996822F7FEF30057D921 /* TabbedPageViewController.xib */ = {isa = PBXFileReference; lastKnownFileType = file.xib; path = TabbedPageViewController.xib; sourceTree = "<group>"; };
		8AFC996C22F804B50057D921 /* CustomPickerFactory.h */ = {isa = PBXFileReference; fileEncoding = 4; lastKnownFileType = sourcecode.c.h; path = CustomPickerFactory.h; sourceTree = "<group>"; };
		8AFC996D22F804B50057D921 /* CustomPickerFactory.m */ = {isa = PBXFileReference; fileEncoding = 4; lastKnownFileType = sourcecode.c.objc; path = CustomPickerFactory.m; sourceTree = "<group>"; };
		8AFC997122F90F5F0057D921 /* CollectionTableViewModelViewController.h */ = {isa = PBXFileReference; lastKnownFileType = sourcecode.c.h; path = CollectionTableViewModelViewController.h; sourceTree = "<group>"; };
		8AFC997222F90F5F0057D921 /* CollectionTableViewModelViewController.m */ = {isa = PBXFileReference; lastKnownFileType = sourcecode.c.objc; path = CollectionTableViewModelViewController.m; sourceTree = "<group>"; };
		8AFC997322F90F5F0057D921 /* CollectionTableViewModelViewController.xib */ = {isa = PBXFileReference; lastKnownFileType = file.xib; path = CollectionTableViewModelViewController.xib; sourceTree = "<group>"; };
		D96BA274530CFCFE59CBAF98 /* Pods-TestFramework.release.xcconfig */ = {isa = PBXFileReference; includeInIndex = 1; lastKnownFileType = text.xcconfig; name = "Pods-TestFramework.release.xcconfig"; path = "Target Support Files/Pods-TestFramework/Pods-TestFramework.release.xcconfig"; sourceTree = "<group>"; };
		EAFCE1446D25FB789A169F66 /* Pods_TestFramework.framework */ = {isa = PBXFileReference; explicitFileType = wrapper.framework; includeInIndex = 0; path = Pods_TestFramework.framework; sourceTree = BUILT_PRODUCTS_DIR; };
/* End PBXFileReference section */

/* Begin PBXFrameworksBuildPhase section */
		8A3E63B522E8425700A2370F /* Frameworks */ = {
			isa = PBXFrameworksBuildPhase;
			buildActionMask = 2147483647;
			files = (
				3A919CA6F25FB86EC745B988 /* Pods_TestFramework.framework in Frameworks */,
			);
			runOnlyForDeploymentPostprocessing = 0;
		};
/* End PBXFrameworksBuildPhase section */

/* Begin PBXGroup section */
		5F887AAC0D51203ED2BDEEF1 /* Frameworks */ = {
			isa = PBXGroup;
			children = (
				EAFCE1446D25FB789A169F66 /* Pods_TestFramework.framework */,
			);
			name = Frameworks;
			sourceTree = "<group>";
		};
		87770B55E1E007B0CC70D7A1 /* Pods */ = {
			isa = PBXGroup;
			children = (
				82B4D582E80E90F59AE57AFC /* Pods-TestFramework.debug.xcconfig */,
				D96BA274530CFCFE59CBAF98 /* Pods-TestFramework.release.xcconfig */,
			);
			path = Pods;
			sourceTree = "<group>";
		};
		8A390ED623750FD900B2B168 /* MusicPlayer */ = {
			isa = PBXGroup;
			children = (
				8A390ED82375106900B2B168 /* 1.mp3 */,
				8A390ED92375106A00B2B168 /* 2.mp3 */,
				8A390ED72375106800B2B168 /* 3.mp3 */,
				8A390EDD237510A100B2B168 /* MusicViewController.h */,
				8A390EDE237510A100B2B168 /* MusicViewController.m */,
				8A390EDF237510A100B2B168 /* MusicViewController.xib */,
			);
			path = MusicPlayer;
			sourceTree = "<group>";
		};
		8A3C112722FA9A2800FE50E1 /* TabbedPage */ = {
			isa = PBXGroup;
			children = (
				8AA3EB302302735400331251 /* View */,
				8AFC996622F7FEF20057D921 /* TabbedPageViewController.h */,
				8AFC996722F7FEF20057D921 /* TabbedPageViewController.m */,
				8AFC996822F7FEF30057D921 /* TabbedPageViewController.xib */,
				8AA3EA262301058400331251 /* TabViewController.h */,
				8AA3EA282301058500331251 /* TabViewController.m */,
				8AA3EA272301058500331251 /* TabViewController.xib */,
				8AA3EA1E2301011E00331251 /* Page3ViewController.h */,
				8AA3EA1F2301011E00331251 /* Page3ViewController.m */,
				8AA3EA1D2301011D00331251 /* Page3ViewController.xib */,
				8AA3EA182301011600331251 /* Page2ViewController.h */,
				8AA3EA1B2301011C00331251 /* Page2ViewController.m */,
				8AA3EA172301011500331251 /* Page2ViewController.xib */,
				8AA3EA192301011900331251 /* Page1ViewController.h */,
				8AA3EA1A2301011A00331251 /* Page1ViewController.m */,
				8AA3EA1C2301011D00331251 /* Page1ViewController.xib */,
			);
			path = TabbedPage;
			sourceTree = "<group>";
		};
		8A3C112822FA9A4300FE50E1 /* DataPicker */ = {
			isa = PBXGroup;
			children = (
				8AFC996122F7FE800057D921 /* DataPickerViewController.h */,
				8AFC996222F7FE800057D921 /* DataPickerViewController.m */,
				8AFC996322F7FE800057D921 /* DataPickerViewController.xib */,
				8AFC996C22F804B50057D921 /* CustomPickerFactory.h */,
				8AFC996D22F804B50057D921 /* CustomPickerFactory.m */,
			);
			path = DataPicker;
			sourceTree = "<group>";
		};
		8A3C112922FA9A5700FE50E1 /* PopupMenu */ = {
			isa = PBXGroup;
			children = (
				8A3E63DF22E93C1300A2370F /* PopupMenuViewController.h */,
				8A3E63E022E93C1300A2370F /* PopupMenuViewController.m */,
				8A3E63E122E93C1300A2370F /* PopupMenuViewController.xib */,
				8A3E63E622E93CA700A2370F /* MenuTableViewCell.h */,
				8A3E63E422E93CA600A2370F /* MenuTableViewCell.m */,
				8A3E63E522E93CA700A2370F /* MenuTableViewCell.xib */,
			);
			path = PopupMenu;
			sourceTree = "<group>";
		};
		8A3C112A22FA9A6C00FE50E1 /* SingleButtonGroup */ = {
			isa = PBXGroup;
			children = (
				8A3E63D122E848C300A2370F /* SingleButtonGroupViewController.h */,
				8A3E63D222E848C300A2370F /* SingleButtonGroupViewController.m */,
				8A3E63D322E848C300A2370F /* SingleButtonGroupViewController.xib */,
				8A3E63D922E849AC00A2370F /* SingleButtonTableViewCell.h */,
				8A3E63DA22E849AD00A2370F /* SingleButtonTableViewCell.m */,
				8A3E63D822E849AC00A2370F /* SingleButtonTableViewCell.xib */,
			);
			path = SingleButtonGroup;
			sourceTree = "<group>";
		};
		8A3E63AF22E8425700A2370F = {
			isa = PBXGroup;
			children = (
				8A3E63BA22E8425700A2370F /* TestFramework */,
				8A3E63B922E8425700A2370F /* Products */,
				87770B55E1E007B0CC70D7A1 /* Pods */,
				5F887AAC0D51203ED2BDEEF1 /* Frameworks */,
			);
			sourceTree = "<group>";
		};
		8A3E63B922E8425700A2370F /* Products */ = {
			isa = PBXGroup;
			children = (
				8A3E63B822E8425700A2370F /* TestFramework.app */,
			);
			name = Products;
			sourceTree = "<group>";
		};
		8A3E63BA22E8425700A2370F /* TestFramework */ = {
			isa = PBXGroup;
			children = (
				8A3E63BB22E8425700A2370F /* AppDelegate.h */,
				8A3E63BC22E8425700A2370F /* AppDelegate.m */,
				8A3E63BE22E8425700A2370F /* ViewController.h */,
				8A3E63BF22E8425700A2370F /* ViewController.m */,
				8A390ED623750FD900B2B168 /* MusicPlayer */,
				8A9C3A862330771E00274870 /* VideoPlayer */,
				8AFC997622F934390057D921 /* CollectionTableViewModel */,
				8A3C112722FA9A2800FE50E1 /* TabbedPage */,
				8A3C112822FA9A4300FE50E1 /* DataPicker */,
				8A3C112922FA9A5700FE50E1 /* PopupMenu */,
				8A3C112A22FA9A6C00FE50E1 /* SingleButtonGroup */,
				8A3E63C122E8425700A2370F /* Main.storyboard */,
				8A3E63C422E8426500A2370F /* Assets.xcassets */,
				8A3E63C622E8426500A2370F /* LaunchScreen.storyboard */,
				8A3E63C922E8426500A2370F /* Info.plist */,
				8A3E63CA22E8426500A2370F /* main.m */,
			);
			path = TestFramework;
			sourceTree = "<group>";
		};
		8A46751A23C71C3400EB5E39 /* Utility */ = {
			isa = PBXGroup;
			children = (
				8A46751B23C71C3400EB5E39 /* Utility.m */,
				8A46751C23C71C3400EB5E39 /* Utility.h */,
			);
			path = Utility;
			sourceTree = "<group>";
		};
		8A46751D23C71C3400EB5E39 /* TableView */ = {
			isa = PBXGroup;
			children = (
				8A46751E23C71C3400EB5E39 /* Model */,
				8A46752223C71C3400EB5E39 /* View */,
			);
			path = TableView;
			sourceTree = "<group>";
		};
		8A46751E23C71C3400EB5E39 /* Model */ = {
			isa = PBXGroup;
			children = (
				8A46751F23C71C3400EB5E39 /* TableViewSectionType.h */,
				8A46752023C71C3400EB5E39 /* TableViewViewModel.m */,
				8A46752123C71C3400EB5E39 /* TableViewViewModel.h */,
			);
			path = Model;
			sourceTree = "<group>";
		};
		8A46752223C71C3400EB5E39 /* View */ = {
			isa = PBXGroup;
			children = (
				8A46752323C71C3400EB5E39 /* TableViewCell.m */,
				8A46752423C71C3400EB5E39 /* TableViewHeaderView.h */,
				8A46752523C71C3500EB5E39 /* TableViewCell.xib */,
				8A46752623C71C3500EB5E39 /* TableViewCell.h */,
				8A46752723C71C3500EB5E39 /* TableViewHeaderView.m */,
				8A46752823C71C3500EB5E39 /* TableViewHeaderView.xib */,
			);
			path = View;
			sourceTree = "<group>";
		};
		8A46752923C71C3500EB5E39 /* Model */ = {
			isa = PBXGroup;
			children = (
				8A46752A23C71C3500EB5E39 /* File.h */,
				8A46752B23C71C3500EB5E39 /* FolderFactory.m */,
				8A46752C23C71C3500EB5E39 /* Folder.m */,
				8A46752D23C71C3500EB5E39 /* MonitorViewModel.m */,
				8A46752E23C71C3500EB5E39 /* MonitorSectionType.h */,
				8A46752F23C71C3500EB5E39 /* File.m */,
				8A46753023C71C3500EB5E39 /* MonitorViewModel.h */,
				8A46753123C71C3500EB5E39 /* Folder.h */,
				8A46753223C71C3500EB5E39 /* FolderFactory.h */,
			);
			path = Model;
			sourceTree = "<group>";
		};
		8A46754523C71D0000EB5E39 /* CollectionView */ = {
			isa = PBXGroup;
			children = (
				8A46754623C71D0000EB5E39 /* CollectionBrowser.xib */,
				8A46754723C71D0000EB5E39 /* CollectionBrowser.h */,
				8A46754823C71D0000EB5E39 /* Model */,
				8A46755123C71D0000EB5E39 /* View */,
				8A46756323C71D0000EB5E39 /* CollectionBrowser.m */,
			);
			path = CollectionView;
			sourceTree = "<group>";
		};
		8A46754823C71D0000EB5E39 /* Model */ = {
			isa = PBXGroup;
			children = (
				8A46754923C71D0000EB5E39 /* MonitorableFolderClass.h */,
				8A46754A23C71D0000EB5E39 /* CollectionBrowserViewModel.h */,
				8A46754B23C71D0000EB5E39 /* MonitorableFileClass.h */,
				8A46754C23C71D0000EB5E39 /* Monitorable.h */,
				8A46754D23C71D0000EB5E39 /* CollectionBrowserSectionType.h */,
				8A46754E23C71D0000EB5E39 /* MonitorableFileClass.m */,
				8A46754F23C71D0000EB5E39 /* CollectionBrowserViewModel.m */,
				8A46755023C71D0000EB5E39 /* MonitorableFolderClass.m */,
			);
			path = Model;
			sourceTree = "<group>";
		};
		8A46755123C71D0000EB5E39 /* View */ = {
			isa = PBXGroup;
			children = (
				8A46755223C71D0000EB5E39 /* MonitorHeaderView.xib */,
				8A46755323C71D0000EB5E39 /* MonitorFolderTableViewCell.m */,
				8A46755423C71D0000EB5E39 /* MonitorFolderCollectionViewCell.xib */,
				8A46755523C71D0000EB5E39 /* MonitorFileTableViewCell.m */,
				8A46755623C71D0000EB5E39 /* MonitorFolderCollectionViewCell.h */,
				8A46755723C71D0000EB5E39 /* MonitorHeaderView.h */,
				8A46755823C71D0000EB5E39 /* MonitorFileCollectionViewCell.xib */,
				8A46755923C71D0000EB5E39 /* CustomCollectionView.h */,
				8A46755A23C71D0000EB5E39 /* MonitorFileCollectionViewCell.h */,
				8A46755B23C71D0000EB5E39 /* MonitorFileTableViewCell.xib */,
				8A46755C23C71D0000EB5E39 /* MonitorFolderTableViewCell.h */,
				8A46755D23C71D0000EB5E39 /* MonitorFileTableViewCell.h */,
				8A46755E23C71D0000EB5E39 /* MonitorFolderTableViewCell.xib */,
				8A46755F23C71D0000EB5E39 /* MonitorFolderCollectionViewCell.m */,
				8A46756023C71D0000EB5E39 /* CustomCollectionView.m */,
				8A46756123C71D0000EB5E39 /* MonitorFileCollectionViewCell.m */,
				8A46756223C71D0000EB5E39 /* MonitorHeaderView.m */,
			);
			path = View;
			sourceTree = "<group>";
		};
		8A9C3A862330771E00274870 /* VideoPlayer */ = {
			isa = PBXGroup;
			children = (
				8A3E53B82354261A00430024 /* PlayerDemoViewController.h */,
				8A3E53B92354261A00430024 /* PlayerDemoViewController.m */,
				8A3E53BA2354261A00430024 /* PlayerDemoViewController.xib */,
				8A9C3A8D23307A3B00274870 /* google-help-vr.mp4 */,
				8A9C3A8E23307A3E00274870 /* i-see-fire.mp4 */,
				8A9C3A8C23307A3A00274870 /* fisheye-demo.mp4 */,
				8A9C3A8823307A3300274870 /* PlayerViewController.h */,
				8A9C3A8723307A3200274870 /* PlayerViewController.m */,
				8A9C3A8923307A3800274870 /* PlayerViewController.xib */,
			);
			path = VideoPlayer;
			sourceTree = "<group>";
		};
		8AA3EB302302735400331251 /* View */ = {
			isa = PBXGroup;
			children = (
				8AA3EB312302736200331251 /* TabButtom.h */,
				8AA3EB322302736300331251 /* TabButtom.m */,
			);
			path = View;
			sourceTree = "<group>";
		};
		8AFC997622F934390057D921 /* CollectionTableViewModel */ = {
			isa = PBXGroup;
			children = (
				8AFC997122F90F5F0057D921 /* CollectionTableViewModelViewController.h */,
				8AFC997222F90F5F0057D921 /* CollectionTableViewModelViewController.m */,
				8AFC997322F90F5F0057D921 /* CollectionTableViewModelViewController.xib */,
				8A46751823C71C3400EB5E39 /* CollectionViewController.h */,
				8A46753323C71C3500EB5E39 /* CollectionViewController.m */,
				8A46751923C71C3400EB5E39 /* CollectionViewController.xib */,
				8A46752923C71C3500EB5E39 /* Model */,
				8A46751D23C71C3400EB5E39 /* TableView */,
				8A46751623C71C3300EB5E39 /* TableViewController.h */,
				8A46751723C71C3300EB5E39 /* TableViewController.m */,
				8A46751523C71C3300EB5E39 /* TableViewController.xib */,
				8A46754523C71D0000EB5E39 /* CollectionView */,
				8A46751A23C71C3400EB5E39 /* Utility */,
			);
			path = CollectionTableViewModel;
			sourceTree = "<group>";
		};
/* End PBXGroup section */

/* Begin PBXNativeTarget section */
		8A3E63B722E8425700A2370F /* TestFramework */ = {
			isa = PBXNativeTarget;
			buildConfigurationList = 8A3E63CE22E8426500A2370F /* Build configuration list for PBXNativeTarget "TestFramework" */;
			buildPhases = (
				A922381B5D2DD26004145DFC /* [CP] Check Pods Manifest.lock */,
				8A3E63B422E8425700A2370F /* Sources */,
				8A3E63B522E8425700A2370F /* Frameworks */,
				8A3E63B622E8425700A2370F /* Resources */,
				0EEA61902F2A868C507F0B0C /* [CP] Embed Pods Frameworks */,
			);
			buildRules = (
			);
			dependencies = (
			);
			name = TestFramework;
			productName = TestFramework;
			productReference = 8A3E63B822E8425700A2370F /* TestFramework.app */;
			productType = "com.apple.product-type.application";
		};
/* End PBXNativeTarget section */

/* Begin PBXProject section */
		8A3E63B022E8425700A2370F /* Project object */ = {
			isa = PBXProject;
			attributes = {
				LastUpgradeCheck = 1020;
				ORGANIZATIONNAME = Phil;
				TargetAttributes = {
					8A3E63B722E8425700A2370F = {
						CreatedOnToolsVersion = 10.2.1;
					};
				};
			};
			buildConfigurationList = 8A3E63B322E8425700A2370F /* Build configuration list for PBXProject "TestFramework" */;
			compatibilityVersion = "Xcode 9.3";
			developmentRegion = en;
			hasScannedForEncodings = 0;
			knownRegions = (
				en,
				Base,
			);
			mainGroup = 8A3E63AF22E8425700A2370F;
			productRefGroup = 8A3E63B922E8425700A2370F /* Products */;
			projectDirPath = "";
			projectRoot = "";
			targets = (
				8A3E63B722E8425700A2370F /* TestFramework */,
			);
		};
/* End PBXProject section */

/* Begin PBXResourcesBuildPhase section */
		8A3E63B622E8425700A2370F /* Resources */ = {
			isa = PBXResourcesBuildPhase;
			buildActionMask = 2147483647;
			files = (
				8A390EDA2375106B00B2B168 /* 3.mp3 in Resources */,
				8A9C3A8B23307A3900274870 /* PlayerViewController.xib in Resources */,
				8A390EDB2375106B00B2B168 /* 1.mp3 in Resources */,
				8A9C3A8F23307A3F00274870 /* fisheye-demo.mp4 in Resources */,
				8AFC996A22F7FEF30057D921 /* TabbedPageViewController.xib in Resources */,
				8A3E63DB22E849AD00A2370F /* SingleButtonTableViewCell.xib in Resources */,
				8A46756423C71D0100EB5E39 /* CollectionBrowser.xib in Resources */,
				8A46753623C71C3600EB5E39 /* CollectionViewController.xib in Resources */,
				8A390EE1237510A100B2B168 /* MusicViewController.xib in Resources */,
				8AA3EA232301011E00331251 /* Page1ViewController.xib in Resources */,
				8A3E63E822E93CA700A2370F /* MenuTableViewCell.xib in Resources */,
				8A3E63C822E8426500A2370F /* LaunchScreen.storyboard in Resources */,
				8A46756C23C71D0100EB5E39 /* MonitorFileCollectionViewCell.xib in Resources */,
				8A3E63E322E93C1300A2370F /* PopupMenuViewController.xib in Resources */,
				8A46753C23C71C3600EB5E39 /* TableViewHeaderView.xib in Resources */,
				8AA3EA202301011E00331251 /* Page2ViewController.xib in Resources */,
				8A9C3A9023307A3F00274870 /* google-help-vr.mp4 in Resources */,
				8AA3EA242301011E00331251 /* Page3ViewController.xib in Resources */,
				8A390EDC2375106B00B2B168 /* 2.mp3 in Resources */,
				8A46753423C71C3600EB5E39 /* TableViewController.xib in Resources */,
				8A46753A23C71C3600EB5E39 /* TableViewCell.xib in Resources */,
				8A9C3A9123307A3F00274870 /* i-see-fire.mp4 in Resources */,
				8AFC996522F7FE800057D921 /* DataPickerViewController.xib in Resources */,
				8A46756E23C71D0100EB5E39 /* MonitorFolderTableViewCell.xib in Resources */,
				8AFC997522F90F5F0057D921 /* CollectionTableViewModelViewController.xib in Resources */,
				8A46756D23C71D0100EB5E39 /* MonitorFileTableViewCell.xib in Resources */,
				8AA3EA292301058500331251 /* TabViewController.xib in Resources */,
				8A3E53BC2354261A00430024 /* PlayerDemoViewController.xib in Resources */,
				8A46756823C71D0100EB5E39 /* MonitorHeaderView.xib in Resources */,
				8A3E63C522E8426500A2370F /* Assets.xcassets in Resources */,
				8A46756A23C71D0100EB5E39 /* MonitorFolderCollectionViewCell.xib in Resources */,
				8A3E63D522E848C300A2370F /* SingleButtonGroupViewController.xib in Resources */,
				8A3E63C322E8425700A2370F /* Main.storyboard in Resources */,
			);
			runOnlyForDeploymentPostprocessing = 0;
		};
/* End PBXResourcesBuildPhase section */

/* Begin PBXShellScriptBuildPhase section */
		0EEA61902F2A868C507F0B0C /* [CP] Embed Pods Frameworks */ = {
			isa = PBXShellScriptBuildPhase;
			buildActionMask = 2147483647;
			files = (
			);
			inputFileListPaths = (
				"${PODS_ROOT}/Target Support Files/Pods-TestFramework/Pods-TestFramework-frameworks-${CONFIGURATION}-input-files.xcfilelist",
			);
			name = "[CP] Embed Pods Frameworks";
			outputFileListPaths = (
				"${PODS_ROOT}/Target Support Files/Pods-TestFramework/Pods-TestFramework-frameworks-${CONFIGURATION}-output-files.xcfilelist",
			);
			runOnlyForDeploymentPostprocessing = 0;
			shellPath = /bin/sh;
			shellScript = "\"${PODS_ROOT}/Target Support Files/Pods-TestFramework/Pods-TestFramework-frameworks.sh\"\n";
			showEnvVarsInLog = 0;
		};
		A922381B5D2DD26004145DFC /* [CP] Check Pods Manifest.lock */ = {
			isa = PBXShellScriptBuildPhase;
			buildActionMask = 2147483647;
			files = (
			);
			inputFileListPaths = (
			);
			inputPaths = (
				"${PODS_PODFILE_DIR_PATH}/Podfile.lock",
				"${PODS_ROOT}/Manifest.lock",
			);
			name = "[CP] Check Pods Manifest.lock";
			outputFileListPaths = (
			);
			outputPaths = (
				"$(DERIVED_FILE_DIR)/Pods-TestFramework-checkManifestLockResult.txt",
			);
			runOnlyForDeploymentPostprocessing = 0;
			shellPath = /bin/sh;
			shellScript = "diff \"${PODS_PODFILE_DIR_PATH}/Podfile.lock\" \"${PODS_ROOT}/Manifest.lock\" > /dev/null\nif [ $? != 0 ] ; then\n    # print error to STDERR\n    echo \"error: The sandbox is not in sync with the Podfile.lock. Run 'pod install' or update your CocoaPods installation.\" >&2\n    exit 1\nfi\n# This output is used by Xcode 'outputs' to avoid re-running this script phase.\necho \"SUCCESS\" > \"${SCRIPT_OUTPUT_FILE_0}\"\n";
			showEnvVarsInLog = 0;
		};
/* End PBXShellScriptBuildPhase section */

/* Begin PBXSourcesBuildPhase section */
		8A3E63B422E8425700A2370F /* Sources */ = {
			isa = PBXSourcesBuildPhase;
			buildActionMask = 2147483647;
			files = (
				8A3E63E222E93C1300A2370F /* PopupMenuViewController.m in Sources */,
				8A46757323C71D0100EB5E39 /* CollectionBrowser.m in Sources */,
				8A46756723C71D0100EB5E39 /* MonitorableFolderClass.m in Sources */,
				8A3E63DC22E849AD00A2370F /* SingleButtonTableViewCell.m in Sources */,
				8AA3EA212301011E00331251 /* Page1ViewController.m in Sources */,
				8A46756F23C71D0100EB5E39 /* MonitorFolderCollectionViewCell.m in Sources */,
				8A46753923C71C3600EB5E39 /* TableViewCell.m in Sources */,
				8A46753523C71C3600EB5E39 /* TableViewController.m in Sources */,
				8A46754023C71C3600EB5E39 /* File.m in Sources */,
				8A46753723C71C3600EB5E39 /* Utility.m in Sources */,
				8A9C3A8A23307A3900274870 /* PlayerViewController.m in Sources */,
				8A3E63C022E8425700A2370F /* ViewController.m in Sources */,
				8AFC997422F90F5F0057D921 /* CollectionTableViewModelViewController.m in Sources */,
				8A46753E23C71C3600EB5E39 /* Folder.m in Sources */,
				8AA3EA252301011E00331251 /* Page3ViewController.m in Sources */,
				8A3E63E722E93CA700A2370F /* MenuTableViewCell.m in Sources */,
				8A46757023C71D0100EB5E39 /* CustomCollectionView.m in Sources */,
				8AA3EB332302736300331251 /* TabButtom.m in Sources */,
				8AA3EA222301011E00331251 /* Page2ViewController.m in Sources */,
				8A46753823C71C3600EB5E39 /* TableViewViewModel.m in Sources */,
				8A46754123C71C3600EB5E39 /* CollectionViewController.m in Sources */,
				8A46753D23C71C3600EB5E39 /* FolderFactory.m in Sources */,
				8A46756623C71D0100EB5E39 /* CollectionBrowserViewModel.m in Sources */,
				8A3E53BB2354261A00430024 /* PlayerDemoViewController.m in Sources */,
				8A46753B23C71C3600EB5E39 /* TableViewHeaderView.m in Sources */,
				8A390EE0237510A100B2B168 /* MusicViewController.m in Sources */,
				8AA3EA2A2301058500331251 /* TabViewController.m in Sources */,
				8AFC996422F7FE800057D921 /* DataPickerViewController.m in Sources */,
				8A46756923C71D0100EB5E39 /* MonitorFolderTableViewCell.m in Sources */,
				8A3E63CB22E8426500A2370F /* main.m in Sources */,
				8AFC996922F7FEF30057D921 /* TabbedPageViewController.m in Sources */,
				8A46756523C71D0100EB5E39 /* MonitorableFileClass.m in Sources */,
				8AFC996E22F804B70057D921 /* CustomPickerFactory.m in Sources */,
				8A46756B23C71D0100EB5E39 /* MonitorFileTableViewCell.m in Sources */,
				8A3E63D422E848C300A2370F /* SingleButtonGroupViewController.m in Sources */,
				8A46757123C71D0100EB5E39 /* MonitorFileCollectionViewCell.m in Sources */,
				8A46753F23C71C3600EB5E39 /* MonitorViewModel.m in Sources */,
				8A46757223C71D0100EB5E39 /* MonitorHeaderView.m in Sources */,
				8A3E63BD22E8425700A2370F /* AppDelegate.m in Sources */,
			);
			runOnlyForDeploymentPostprocessing = 0;
		};
/* End PBXSourcesBuildPhase section */

/* Begin PBXVariantGroup section */
		8A3E63C122E8425700A2370F /* Main.storyboard */ = {
			isa = PBXVariantGroup;
			children = (
				8A3E63C222E8425700A2370F /* Base */,
			);
			name = Main.storyboard;
			sourceTree = "<group>";
		};
		8A3E63C622E8426500A2370F /* LaunchScreen.storyboard */ = {
			isa = PBXVariantGroup;
			children = (
				8A3E63C722E8426500A2370F /* Base */,
			);
			name = LaunchScreen.storyboard;
			sourceTree = "<group>";
		};
/* End PBXVariantGroup section */

/* Begin XCBuildConfiguration section */
		8A3E63CC22E8426500A2370F /* Debug */ = {
			isa = XCBuildConfiguration;
			buildSettings = {
				ALWAYS_SEARCH_USER_PATHS = NO;
				CLANG_ANALYZER_NONNULL = YES;
				CLANG_ANALYZER_NUMBER_OBJECT_CONVERSION = YES_AGGRESSIVE;
				CLANG_CXX_LANGUAGE_STANDARD = "gnu++14";
				CLANG_CXX_LIBRARY = "libc++";
				CLANG_ENABLE_MODULES = YES;
				CLANG_ENABLE_OBJC_ARC = YES;
				CLANG_ENABLE_OBJC_WEAK = YES;
				CLANG_WARN_BLOCK_CAPTURE_AUTORELEASING = YES;
				CLANG_WARN_BOOL_CONVERSION = YES;
				CLANG_WARN_COMMA = YES;
				CLANG_WARN_CONSTANT_CONVERSION = YES;
				CLANG_WARN_DEPRECATED_OBJC_IMPLEMENTATIONS = YES;
				CLANG_WARN_DIRECT_OBJC_ISA_USAGE = YES_ERROR;
				CLANG_WARN_DOCUMENTATION_COMMENTS = YES;
				CLANG_WARN_EMPTY_BODY = YES;
				CLANG_WARN_ENUM_CONVERSION = YES;
				CLANG_WARN_INFINITE_RECURSION = YES;
				CLANG_WARN_INT_CONVERSION = YES;
				CLANG_WARN_NON_LITERAL_NULL_CONVERSION = YES;
				CLANG_WARN_OBJC_IMPLICIT_RETAIN_SELF = YES;
				CLANG_WARN_OBJC_LITERAL_CONVERSION = YES;
				CLANG_WARN_OBJC_ROOT_CLASS = YES_ERROR;
				CLANG_WARN_RANGE_LOOP_ANALYSIS = YES;
				CLANG_WARN_STRICT_PROTOTYPES = YES;
				CLANG_WARN_SUSPICIOUS_MOVE = YES;
				CLANG_WARN_UNGUARDED_AVAILABILITY = YES_AGGRESSIVE;
				CLANG_WARN_UNREACHABLE_CODE = YES;
				CLANG_WARN__DUPLICATE_METHOD_MATCH = YES;
				CODE_SIGN_IDENTITY = "iPhone Developer";
				COPY_PHASE_STRIP = NO;
				DEBUG_INFORMATION_FORMAT = dwarf;
				ENABLE_STRICT_OBJC_MSGSEND = YES;
				ENABLE_TESTABILITY = YES;
				GCC_C_LANGUAGE_STANDARD = gnu11;
				GCC_DYNAMIC_NO_PIC = NO;
				GCC_NO_COMMON_BLOCKS = YES;
				GCC_OPTIMIZATION_LEVEL = 0;
				GCC_PREPROCESSOR_DEFINITIONS = (
					"DEBUG=1",
					"$(inherited)",
				);
				GCC_WARN_64_TO_32_BIT_CONVERSION = YES;
				GCC_WARN_ABOUT_RETURN_TYPE = YES_ERROR;
				GCC_WARN_UNDECLARED_SELECTOR = YES;
				GCC_WARN_UNINITIALIZED_AUTOS = YES_AGGRESSIVE;
				GCC_WARN_UNUSED_FUNCTION = YES;
				GCC_WARN_UNUSED_VARIABLE = YES;
				IPHONEOS_DEPLOYMENT_TARGET = 11.0;
				MTL_ENABLE_DEBUG_INFO = INCLUDE_SOURCE;
				MTL_FAST_MATH = YES;
				ONLY_ACTIVE_ARCH = YES;
				SDKROOT = iphoneos;
			};
			name = Debug;
		};
		8A3E63CD22E8426500A2370F /* Release */ = {
			isa = XCBuildConfiguration;
			buildSettings = {
				ALWAYS_SEARCH_USER_PATHS = NO;
				CLANG_ANALYZER_NONNULL = YES;
				CLANG_ANALYZER_NUMBER_OBJECT_CONVERSION = YES_AGGRESSIVE;
				CLANG_CXX_LANGUAGE_STANDARD = "gnu++14";
				CLANG_CXX_LIBRARY = "libc++";
				CLANG_ENABLE_MODULES = YES;
				CLANG_ENABLE_OBJC_ARC = YES;
				CLANG_ENABLE_OBJC_WEAK = YES;
				CLANG_WARN_BLOCK_CAPTURE_AUTORELEASING = YES;
				CLANG_WARN_BOOL_CONVERSION = YES;
				CLANG_WARN_COMMA = YES;
				CLANG_WARN_CONSTANT_CONVERSION = YES;
				CLANG_WARN_DEPRECATED_OBJC_IMPLEMENTATIONS = YES;
				CLANG_WARN_DIRECT_OBJC_ISA_USAGE = YES_ERROR;
				CLANG_WARN_DOCUMENTATION_COMMENTS = YES;
				CLANG_WARN_EMPTY_BODY = YES;
				CLANG_WARN_ENUM_CONVERSION = YES;
				CLANG_WARN_INFINITE_RECURSION = YES;
				CLANG_WARN_INT_CONVERSION = YES;
				CLANG_WARN_NON_LITERAL_NULL_CONVERSION = YES;
				CLANG_WARN_OBJC_IMPLICIT_RETAIN_SELF = YES;
				CLANG_WARN_OBJC_LITERAL_CONVERSION = YES;
				CLANG_WARN_OBJC_ROOT_CLASS = YES_ERROR;
				CLANG_WARN_RANGE_LOOP_ANALYSIS = YES;
				CLANG_WARN_STRICT_PROTOTYPES = YES;
				CLANG_WARN_SUSPICIOUS_MOVE = YES;
				CLANG_WARN_UNGUARDED_AVAILABILITY = YES_AGGRESSIVE;
				CLANG_WARN_UNREACHABLE_CODE = YES;
				CLANG_WARN__DUPLICATE_METHOD_MATCH = YES;
				CODE_SIGN_IDENTITY = "iPhone Developer";
				COPY_PHASE_STRIP = NO;
				DEBUG_INFORMATION_FORMAT = "dwarf-with-dsym";
				ENABLE_NS_ASSERTIONS = NO;
				ENABLE_STRICT_OBJC_MSGSEND = YES;
				GCC_C_LANGUAGE_STANDARD = gnu11;
				GCC_NO_COMMON_BLOCKS = YES;
				GCC_WARN_64_TO_32_BIT_CONVERSION = YES;
				GCC_WARN_ABOUT_RETURN_TYPE = YES_ERROR;
				GCC_WARN_UNDECLARED_SELECTOR = YES;
				GCC_WARN_UNINITIALIZED_AUTOS = YES_AGGRESSIVE;
				GCC_WARN_UNUSED_FUNCTION = YES;
				GCC_WARN_UNUSED_VARIABLE = YES;
				IPHONEOS_DEPLOYMENT_TARGET = 11.0;
				MTL_ENABLE_DEBUG_INFO = NO;
				MTL_FAST_MATH = YES;
				SDKROOT = iphoneos;
				VALIDATE_PRODUCT = YES;
			};
			name = Release;
		};
		8A3E63CF22E8426500A2370F /* Debug */ = {
			isa = XCBuildConfiguration;
			baseConfigurationReference = 82B4D582E80E90F59AE57AFC /* Pods-TestFramework.debug.xcconfig */;
			buildSettings = {
				ASSETCATALOG_COMPILER_APPICON_NAME = AppIcon;
				CLANG_ALLOW_NON_MODULAR_INCLUDES_IN_FRAMEWORK_MODULES = YES;
				CODE_SIGN_STYLE = Automatic;
				DEVELOPMENT_TEAM = F7AP32ZTM5;
				FRAMEWORK_SEARCH_PATHS = (
					"\"${PODS_CONFIGURATION_BUILD_DIR}/IRPlayer\"",
					"\"${PODS_CONFIGURATION_BUILD_DIR}/IRDataPicker\"",
					"$(inherited)",
					"\"${PODS_CONFIGURATION_BUILD_DIR}/IRCollectionTableViewModel\"",
					"\"${PODS_CONFIGURATION_BUILD_DIR}/IRCommonTools\"",
					"\"${PODS_CONFIGURATION_BUILD_DIR}/IRPopupMenu\"",
					"\"${PODS_CONFIGURATION_BUILD_DIR}/IRSingleButtonGroup\"",
					"\"${PODS_CONFIGURATION_BUILD_DIR}/IRTabbedPageViewController\"",
					"\"${PODS_CONFIGURATION_BUILD_DIR}/Masonry\"",
				);
				HEADER_SEARCH_PATHS = "$(inherited)";
				INFOPLIST_FILE = TestFramework/Info.plist;
				LD_RUNPATH_SEARCH_PATHS = (
					"$(inherited)",
					"@executable_path/Frameworks",
				);
				PRODUCT_BUNDLE_IDENTIFIER = irons163.TestFramework;
				PRODUCT_NAME = "$(TARGET_NAME)";
				TARGETED_DEVICE_FAMILY = "1,2";
				USER_HEADER_SEARCH_PATHS = "\"${PODS_CONFIGURATION_BUILD_DIR}/IRFFMpeg/IRFFMpeg.framework/Headers\"/**";
			};
			name = Debug;
		};
		8A3E63D022E8426500A2370F /* Release */ = {
			isa = XCBuildConfiguration;
			baseConfigurationReference = D96BA274530CFCFE59CBAF98 /* Pods-TestFramework.release.xcconfig */;
			buildSettings = {
				ASSETCATALOG_COMPILER_APPICON_NAME = AppIcon;
				CLANG_ALLOW_NON_MODULAR_INCLUDES_IN_FRAMEWORK_MODULES = YES;
				CODE_SIGN_STYLE = Automatic;
				DEVELOPMENT_TEAM = F7AP32ZTM5;
				HEADER_SEARCH_PATHS = "$(inherited)";
				INFOPLIST_FILE = TestFramework/Info.plist;
				LD_RUNPATH_SEARCH_PATHS = (
					"$(inherited)",
					"@executable_path/Frameworks",
				);
				PRODUCT_BUNDLE_IDENTIFIER = irons163.TestFramework;
				PRODUCT_NAME = "$(TARGET_NAME)";
				TARGETED_DEVICE_FAMILY = "1,2";
				USER_HEADER_SEARCH_PATHS = "\"${PODS_CONFIGURATION_BUILD_DIR}/IRFFMpeg/IRFFMpeg.framework/Headers\"/**";
			};
			name = Release;
		};
/* End XCBuildConfiguration section */

/* Begin XCConfigurationList section */
		8A3E63B322E8425700A2370F /* Build configuration list for PBXProject "TestFramework" */ = {
			isa = XCConfigurationList;
			buildConfigurations = (
				8A3E63CC22E8426500A2370F /* Debug */,
				8A3E63CD22E8426500A2370F /* Release */,
			);
			defaultConfigurationIsVisible = 0;
			defaultConfigurationName = Release;
		};
		8A3E63CE22E8426500A2370F /* Build configuration list for PBXNativeTarget "TestFramework" */ = {
			isa = XCConfigurationList;
			buildConfigurations = (
				8A3E63CF22E8426500A2370F /* Debug */,
				8A3E63D022E8426500A2370F /* Release */,
			);
			defaultConfigurationIsVisible = 0;
			defaultConfigurationName = Release;
		};
/* End XCConfigurationList section */
	};
	rootObject = 8A3E63B022E8425700A2370F /* Project object */;
}
